
Microsoft Visual Studio Solution File, Format Version 12.00
# Visual Studio Version 17
VisualStudioVersion = 17.13.35919.96 d17.13
MinimumVisualStudioVersion = 10.0.40219.1
Project("{FAE04EC0-301F-11D3-BF4B-00C04F79EFBC}") = "CalculadoraCP1", "CalculadoraCP1\CalculadoraCP1.csproj", "{60DC7764-6191-4C41-94A0-F9625D498F51}"
EndProject
Global
	GlobalSection(SolutionConfigurationPlatforms) = preSolution
		Debug|Any CPU = Debug|Any CPU
		Release|Any CPU = Release|Any CPU
	EndGlobalSection
	GlobalSection(ProjectConfigurationPlatforms) = postSolution
		{60DC7764-6191-4C41-94A0-F9625D498F51}.Debug|Any CPU.ActiveCfg = Debug|Any CPU
		{60DC7764-6191-4C41-94A0-F9625D498F51}.Debug|Any CPU.Build.0 = Debug|Any CPU
		{60DC7764-6191-4C41-94A0-F9625D498F51}.Release|Any CPU.ActiveCfg = Release|Any CPU
		{60DC7764-6191-4C41-94A0-F9625D498F51}.Release|Any CPU.Build.0 = Release|Any CPU
	EndGlobalSection
	GlobalSection(SolutionProperties) = preSolution
		HideSolutionNode = FALSE
	EndGlobalSection
	GlobalSection(ExtensibilityGlobals) = postSolution
		SolutionGuid = {4106C68D-727C-400A-90BD-81A2ACD5C6AD}
	EndGlobalSection
EndGlobal
